
Microsoft Visual Studio Solution File, Format Version 12.00
# Visual Studio Version 17
VisualStudioVersion = 17.7.34024.191
MinimumVisualStudioVersion = 10.0.40219.1
Project("{FAE04EC0-301F-11D3-BF4B-00C04F79EFBC}") = "ConsoleApp1", "ConsoleApp1.csproj", "{2B6422BE-B548-4B97-AFEC-C3FA92D32EDD}"
EndProject
Global
	GlobalSection(SolutionConfigurationPlatforms) = preSolution
		Debug|Any CPU = Debug|Any CPU
		Release|Any CPU = Release|Any CPU
	EndGlobalSection
	GlobalSection(ProjectConfigurationPlatforms) = postSolution
		{2B6422BE-B548-4B97-AFEC-C3FA92D32EDD}.Debug|Any CPU.ActiveCfg = Debug|Any CPU
		{2B6422BE-B548-4B97-AFEC-C3FA92D32EDD}.Debug|Any CPU.Build.0 = Debug|Any CPU
		{2B6422BE-B548-4B97-AFEC-C3FA92D32EDD}.Release|Any CPU.ActiveCfg = Release|Any CPU
		{2B6422BE-B548-4B97-AFEC-C3FA92D32EDD}.Release|Any CPU.Build.0 = Release|Any CPU
	EndGlobalSection
	GlobalSection(SolutionProperties) = preSolution
		HideSolutionNode = FALSE
	EndGlobalSection
	GlobalSection(ExtensibilityGlobals) = postSolution
		SolutionGuid = {1C2C9059-3748-499B-B2F1-F7525C423F1A}
	EndGlobalSection
EndGlobal
